
Microsoft Visual Studio Solution File, Format Version 12.00
# Visual Studio 2013
VisualStudioVersion = 12.0.30723.0
MinimumVisualStudioVersion = 10.0.40219.1
Project("{FAE04EC0-301F-11D3-BF4B-00C04F79EFBC}") = "ByYou", "ByYou\ByYou.csproj", "{2F6E6637-F4A9-4F1F-8B72-F8E34C15DCE8}"
EndProject
Global
	GlobalSection(SolutionConfigurationPlatforms) = preSolution
		Debug|Any CPU = Debug|Any CPU
		Release|Any CPU = Release|Any CPU
	EndGlobalSection
	GlobalSection(ProjectConfigurationPlatforms) = postSolution
		{2F6E6637-F4A9-4F1F-8B72-F8E34C15DCE8}.Debug|Any CPU.ActiveCfg = Debug|Any CPU
		{2F6E6637-F4A9-4F1F-8B72-F8E34C15DCE8}.Debug|Any CPU.Build.0 = Debug|Any CPU
		{2F6E6637-F4A9-4F1F-8B72-F8E34C15DCE8}.Release|Any CPU.ActiveCfg = Release|Any CPU
		{2F6E6637-F4A9-4F1F-8B72-F8E34C15DCE8}.Release|Any CPU.Build.0 = Release|Any CPU
	EndGlobalSection
	GlobalSection(SolutionProperties) = preSolution
		HideSolutionNode = FALSE
	EndGlobalSection
EndGlobal
